
Microsoft Visual Studio Solution File, Format Version 12.00
# Visual Studio 15
VisualStudioVersion = 15.0.28307.489
MinimumVisualStudioVersion = 10.0.40219.1
Project("{9A19103F-16F7-4668-BE54-9A1E7A4F7556}") = "BowlingScoreboard", "BowlingScoreboard\BowlingScoreboard.csproj", "{5DD3A047-42D4-4853-AF24-FBD232579C50}"
EndProject
Project("{9A19103F-16F7-4668-BE54-9A1E7A4F7556}") = "BowlingScoreboard.Services", "BowlingScoreboard.Services\BowlingScoreboard.Services.csproj", "{286760BA-C3B5-4182-9E0C-AF658FBE95CC}"
EndProject
Project("{9A19103F-16F7-4668-BE54-9A1E7A4F7556}") = "BowlingScoreboard.Dtos", "BowlingScoreboard.Dtos\BowlingScoreboard.Dtos.csproj", "{1BE89CDD-2959-4635-AFF7-76905AAA47BC}"
EndProject
Project("{9A19103F-16F7-4668-BE54-9A1E7A4F7556}") = "BowlingScoreboard.DataAccess", "BowlingScoreboard.DataAccess\BowlingScoreboard.DataAccess.csproj", "{443C0C04-F60E-431B-B048-3970BD2FF006}"
EndProject
Project("{FAE04EC0-301F-11D3-BF4B-00C04F79EFBC}") = "BowlingScoreboard.Services.Tests", "BowlingScoreboard.Services.Tests\BowlingScoreboard.Services.Tests.csproj", "{C7BC45A5-F43B-43ED-BDE9-514ED25BD8C1}"
EndProject
Global
	GlobalSection(SolutionConfigurationPlatforms) = preSolution
		Debug|Any CPU = Debug|Any CPU
		Release|Any CPU = Release|Any CPU
	EndGlobalSection
	GlobalSection(ProjectConfigurationPlatforms) = postSolution
		{5DD3A047-42D4-4853-AF24-FBD232579C50}.Debug|Any CPU.ActiveCfg = Debug|Any CPU
		{5DD3A047-42D4-4853-AF24-FBD232579C50}.Debug|Any CPU.Build.0 = Debug|Any CPU
		{5DD3A047-42D4-4853-AF24-FBD232579C50}.Release|Any CPU.ActiveCfg = Release|Any CPU
		{5DD3A047-42D4-4853-AF24-FBD232579C50}.Release|Any CPU.Build.0 = Release|Any CPU
		{286760BA-C3B5-4182-9E0C-AF658FBE95CC}.Debug|Any CPU.ActiveCfg = Debug|Any CPU
		{286760BA-C3B5-4182-9E0C-AF658FBE95CC}.Debug|Any CPU.Build.0 = Debug|Any CPU
		{286760BA-C3B5-4182-9E0C-AF658FBE95CC}.Release|Any CPU.ActiveCfg = Release|Any CPU
		{286760BA-C3B5-4182-9E0C-AF658FBE95CC}.Release|Any CPU.Build.0 = Release|Any CPU
		{1BE89CDD-2959-4635-AFF7-76905AAA47BC}.Debug|Any CPU.ActiveCfg = Debug|Any CPU
		{1BE89CDD-2959-4635-AFF7-76905AAA47BC}.Debug|Any CPU.Build.0 = Debug|Any CPU
		{1BE89CDD-2959-4635-AFF7-76905AAA47BC}.Release|Any CPU.ActiveCfg = Release|Any CPU
		{1BE89CDD-2959-4635-AFF7-76905AAA47BC}.Release|Any CPU.Build.0 = Release|Any CPU
		{443C0C04-F60E-431B-B048-3970BD2FF006}.Debug|Any CPU.ActiveCfg = Debug|Any CPU
		{443C0C04-F60E-431B-B048-3970BD2FF006}.Debug|Any CPU.Build.0 = Debug|Any CPU
		{443C0C04-F60E-431B-B048-3970BD2FF006}.Release|Any CPU.ActiveCfg = Release|Any CPU
		{443C0C04-F60E-431B-B048-3970BD2FF006}.Release|Any CPU.Build.0 = Release|Any CPU
		{C7BC45A5-F43B-43ED-BDE9-514ED25BD8C1}.Debug|Any CPU.ActiveCfg = Debug|Any CPU
		{C7BC45A5-F43B-43ED-BDE9-514ED25BD8C1}.Debug|Any CPU.Build.0 = Debug|Any CPU
		{C7BC45A5-F43B-43ED-BDE9-514ED25BD8C1}.Release|Any CPU.ActiveCfg = Release|Any CPU
		{C7BC45A5-F43B-43ED-BDE9-514ED25BD8C1}.Release|Any CPU.Build.0 = Release|Any CPU
	EndGlobalSection
	GlobalSection(SolutionProperties) = preSolution
		HideSolutionNode = FALSE
	EndGlobalSection
	GlobalSection(ExtensibilityGlobals) = postSolution
		SolutionGuid = {E5FE2C0F-4B0A-4003-B0C9-8202BB55FC4E}
	EndGlobalSection
EndGlobal
